
Microsoft Visual Studio Solution File, Format Version 12.00
# Visual Studio Version 16
VisualStudioVersion = 16.0.31911.196
MinimumVisualStudioVersion = 10.0.40219.1
Project("{FAE04EC0-301F-11D3-BF4B-00C04F79EFBC}") = "MaADM", "MaADM\MaADM.csproj", "{EEC7A045-C035-4408-A75F-832341164750}"
EndProject
Global
	GlobalSection(SolutionConfigurationPlatforms) = preSolution
		Debug|Any CPU = Debug|Any CPU
		Release|Any CPU = Release|Any CPU
	EndGlobalSection
	GlobalSection(ProjectConfigurationPlatforms) = postSolution
		{EEC7A045-C035-4408-A75F-832341164750}.Debug|Any CPU.ActiveCfg = Debug|Any CPU
		{EEC7A045-C035-4408-A75F-832341164750}.Debug|Any CPU.Build.0 = Debug|Any CPU
		{EEC7A045-C035-4408-A75F-832341164750}.Release|Any CPU.ActiveCfg = Release|Any CPU
		{EEC7A045-C035-4408-A75F-832341164750}.Release|Any CPU.Build.0 = Release|Any CPU
	EndGlobalSection
	GlobalSection(SolutionProperties) = preSolution
		HideSolutionNode = FALSE
	EndGlobalSection
	GlobalSection(ExtensibilityGlobals) = postSolution
		SolutionGuid = {01944342-6C71-4E75-9FD7-E11D2A1FC284}
	EndGlobalSection
EndGlobal
